
Microsoft Visual Studio Solution File, Format Version 12.00
# Visual Studio Version 16
VisualStudioVersion = 25.0.1706.8
MinimumVisualStudioVersion = 10.0.40219.1
Project("{FAE04EC0-301F-11D3-BF4B-00C04F79EFBC}") = "TranslationManagement.Api", "TranslationManagement.Api.csproj", "{F9355376-512A-4C9D-8E57-8C888D55DF38}"
EndProject
Global
	GlobalSection(SolutionConfigurationPlatforms) = preSolution
		Debug|Any CPU = Debug|Any CPU
		Release|Any CPU = Release|Any CPU
	EndGlobalSection
	GlobalSection(ProjectConfigurationPlatforms) = postSolution
		{F9355376-512A-4C9D-8E57-8C888D55DF38}.Debug|Any CPU.ActiveCfg = Debug|Any CPU
		{F9355376-512A-4C9D-8E57-8C888D55DF38}.Debug|Any CPU.Build.0 = Debug|Any CPU
		{F9355376-512A-4C9D-8E57-8C888D55DF38}.Release|Any CPU.ActiveCfg = Release|Any CPU
		{F9355376-512A-4C9D-8E57-8C888D55DF38}.Release|Any CPU.Build.0 = Release|Any CPU
	EndGlobalSection
	GlobalSection(SolutionProperties) = preSolution
		HideSolutionNode = FALSE
	EndGlobalSection
	GlobalSection(ExtensibilityGlobals) = postSolution
		SolutionGuid = {3AB02F0A-F6C6-4717-9804-4DBBF5B8C77E}
	EndGlobalSection
EndGlobal
